
Microsoft Visual Studio Solution File, Format Version 12.00
# Visual Studio Version 17
VisualStudioVersion = 17.13.35931.197 d17.13
MinimumVisualStudioVersion = 10.0.40219.1
Project("{FAE04EC0-301F-11D3-BF4B-00C04F79EFBC}") = "EasyUniAPI.Web", "EasyUniAPI.Web\EasyUniAPI.Web.csproj", "{C801349D-D084-4012-A623-CDB75F66B882}"
EndProject
Project("{FAE04EC0-301F-11D3-BF4B-00C04F79EFBC}") = "EasyUniAPI.Core", "EasyUniAPI.Core\EasyUniAPI.Core.csproj", "{341EFDD9-AA05-478E-B043-E62485F6E5E8}"
EndProject
Project("{FAE04EC0-301F-11D3-BF4B-00C04F79EFBC}") = "EasyUniAPI.DataAccess", "EasyUniAPI.DataAccess\EasyUniAPI.DataAccess.csproj", "{B0477B6E-612A-46FF-BF99-022AD8F86743}"
EndProject
Project("{FAE04EC0-301F-11D3-BF4B-00C04F79EFBC}") = "EasyUniAPI.Common", "EasyUniAPI.Common\EasyUniAPI.Common.csproj", "{A546CDA1-61D8-4E17-8E29-E6DDE18F2468}"
EndProject
Global
	GlobalSection(SolutionConfigurationPlatforms) = preSolution
		Debug|Any CPU = Debug|Any CPU
		Release|Any CPU = Release|Any CPU
	EndGlobalSection
	GlobalSection(ProjectConfigurationPlatforms) = postSolution
		{C801349D-D084-4012-A623-CDB75F66B882}.Debug|Any CPU.ActiveCfg = Debug|Any CPU
		{C801349D-D084-4012-A623-CDB75F66B882}.Debug|Any CPU.Build.0 = Debug|Any CPU
		{C801349D-D084-4012-A623-CDB75F66B882}.Release|Any CPU.ActiveCfg = Release|Any CPU
		{C801349D-D084-4012-A623-CDB75F66B882}.Release|Any CPU.Build.0 = Release|Any CPU
		{341EFDD9-AA05-478E-B043-E62485F6E5E8}.Debug|Any CPU.ActiveCfg = Debug|Any CPU
		{341EFDD9-AA05-478E-B043-E62485F6E5E8}.Debug|Any CPU.Build.0 = Debug|Any CPU
		{341EFDD9-AA05-478E-B043-E62485F6E5E8}.Release|Any CPU.ActiveCfg = Release|Any CPU
		{341EFDD9-AA05-478E-B043-E62485F6E5E8}.Release|Any CPU.Build.0 = Release|Any CPU
		{B0477B6E-612A-46FF-BF99-022AD8F86743}.Debug|Any CPU.ActiveCfg = Debug|Any CPU
		{B0477B6E-612A-46FF-BF99-022AD8F86743}.Debug|Any CPU.Build.0 = Debug|Any CPU
		{B0477B6E-612A-46FF-BF99-022AD8F86743}.Release|Any CPU.ActiveCfg = Release|Any CPU
		{B0477B6E-612A-46FF-BF99-022AD8F86743}.Release|Any CPU.Build.0 = Release|Any CPU
		{A546CDA1-61D8-4E17-8E29-E6DDE18F2468}.Debug|Any CPU.ActiveCfg = Debug|Any CPU
		{A546CDA1-61D8-4E17-8E29-E6DDE18F2468}.Debug|Any CPU.Build.0 = Debug|Any CPU
		{A546CDA1-61D8-4E17-8E29-E6DDE18F2468}.Release|Any CPU.ActiveCfg = Release|Any CPU
		{A546CDA1-61D8-4E17-8E29-E6DDE18F2468}.Release|Any CPU.Build.0 = Release|Any CPU
	EndGlobalSection
	GlobalSection(SolutionProperties) = preSolution
		HideSolutionNode = FALSE
	EndGlobalSection
	GlobalSection(ExtensibilityGlobals) = postSolution
		SolutionGuid = {961125B6-4064-41AE-A52C-FC5EB4273186}
	EndGlobalSection
EndGlobal
